# This file was autogenerated by Stack.
# You should not edit this file by hand.
# For more information, please see the documentation at:
#   https://docs.haskellstack.org/en/stable/lock_files

packages:
- completed:
    hackage: hakyll-4.13.3.0@sha256:7d8903f03974691aec049a6188ace8d93457563bad9f078c6faf4c9156e27a33,8867
    pantry-tree:
      size: 7841
      sha256: bdbacc241f680dd0c8d7666c9ec4e7d230dad85172067e106cc35f7c125cd7ab
  original:
    hackage: hakyll-4.13.3.0@sha256:7d8903f03974691aec049a6188ace8d93457563bad9f078c6faf4c9156e27a33,8867
- completed:
    hackage: hakyll-sass-0.2.4@sha256:4d2fbd8b63f5ef15483fc6dda09e10eefd63b4f873ad38dec2a3607eb504a8ba,939
    pantry-tree:
      size: 217
      sha256: c03e74e71d010f009b8d972efc31fbd6dd25183e6d9afbec55f4b7f0d4a74b47
  original:
    hackage: hakyll-sass-0.2.4@sha256:4d2fbd8b63f5ef15483fc6dda09e10eefd63b4f873ad38dec2a3607eb504a8ba,939
- completed:
    hackage: rio-0.1.17.0@sha256:a4f3c6984928db77e2a025935434aac636f0b2f96dd02dc5a876a53b1b6b08ef,3611
    pantry-tree:
      size: 4801
      sha256: 11eb6f6813c3f810c3a310125ac248149c2afa706fb7c16fa712cbfe1cedb7b1
  original:
    hackage: rio-0.1.17.0@sha256:a4f3c6984928db77e2a025935434aac636f0b2f96dd02dc5a876a53b1b6b08ef,3611
- completed:
    hackage: lrucache-1.2.0.1@sha256:18fc3d7052012c7ab3cd395160f34b53c5e1ec5379cc45185baf35b90ffadc2e,1254
    pantry-tree:
      size: 619
      sha256: 61b2a39a11873f2d8a577e1f6b5e848d2f465ea7f6837ce15436796d3a20eda0
  original:
    hackage: lrucache-1.2.0.1@sha256:18fc3d7052012c7ab3cd395160f34b53c5e1ec5379cc45185baf35b90ffadc2e,1254
- completed:
    hackage: unliftio-0.2.13@sha256:14409c70eba13edfcca7564f7bccca298e49d6e21679a8894ac757f2f6008696,3325
    pantry-tree:
      size: 2229
      sha256: 3121d447d33ca873adc604de4daff705f57592717acff671b55003b617ffe247
  original:
    hackage: unliftio-0.2.13@sha256:14409c70eba13edfcca7564f7bccca298e49d6e21679a8894ac757f2f6008696,3325
- completed:
    hackage: hlibsass-0.1.8.0@sha256:7bcb99f9615f5851c4c906ceb16fd92ce0ec92e66a022ada101d4e2d7efad894,2556
    pantry-tree:
      size: 8441
      sha256: c91395d719508f34af2d634ba2921de02b67a66044d1fb8edb17cddb37d41482
  original:
    hackage: hlibsass-0.1.8.0
snapshots:
- completed:
    size: 500539
    url: https://raw.githubusercontent.com/commercialhaskell/stackage-snapshots/master/lts/13/29.yaml
    sha256: 006398c5e92d1d64737b7e98ae4d63987c36808814504d1451f56ebd98093f75
  original: lts-13.29
